
Microsoft Visual Studio Solution File, Format Version 11.00
# Visual Studio 2010
<<<<<<< HEAD
=======
=======
Microsoft Visual Studio Solution File, Format Version 12.00
<<<<<<< HEAD
# Visual Studio 16
=======
# Visual Studio 15
>>>>>>> 3c60f7a5e4cb6d50bb80c6528498ea1d6ae8bcaf
>>>>>>> 45ff8ed8d5b1412d0bf64c33d5abe04a8fa36f73
Project("{FAE04EC0-301F-11D3-BF4B-00C04F79EFBC}") = "Assembly-CSharp", "Assembly-CSharp.csproj", "{3ABA9B21-7435-A958-57B5-48E4729CF748}"
EndProject
Global
	GlobalSection(SolutionConfigurationPlatforms) = preSolution
		Debug|Any CPU = Debug|Any CPU
		Release|Any CPU = Release|Any CPU
	EndGlobalSection
	GlobalSection(ProjectConfigurationPlatforms) = postSolution
		{3ABA9B21-7435-A958-57B5-48E4729CF748}.Debug|Any CPU.ActiveCfg = Debug|Any CPU
		{3ABA9B21-7435-A958-57B5-48E4729CF748}.Debug|Any CPU.Build.0 = Debug|Any CPU
		{3ABA9B21-7435-A958-57B5-48E4729CF748}.Release|Any CPU.ActiveCfg = Release|Any CPU
		{3ABA9B21-7435-A958-57B5-48E4729CF748}.Release|Any CPU.Build.0 = Release|Any CPU
	EndGlobalSection
	GlobalSection(SolutionProperties) = preSolution
		HideSolutionNode = FALSE
	EndGlobalSection
	GlobalSection(MonoDevelopProperties) = preSolution
		StartupItem = Assembly-CSharp.csproj
	EndGlobalSection
EndGlobal
